
Microsoft Visual Studio Solution File, Format Version 12.00
# Visual Studio Version 17
VisualStudioVersion = 17.5.002.0
MinimumVisualStudioVersion = 10.0.40219.1
Project("{9A19103F-16F7-4668-BE54-9A1E7A4F7556}") = "SystemApp", "SystemApp.csproj", "{BA97F4B4-5157-453A-902D-A58B7AE5BD33}"
EndProject
Global
	GlobalSection(SolutionConfigurationPlatforms) = preSolution
		Debug|Any CPU = Debug|Any CPU
		Release|Any CPU = Release|Any CPU
	EndGlobalSection
	GlobalSection(ProjectConfigurationPlatforms) = postSolution
		{BA97F4B4-5157-453A-902D-A58B7AE5BD33}.Debug|Any CPU.ActiveCfg = Debug|Any CPU
		{BA97F4B4-5157-453A-902D-A58B7AE5BD33}.Debug|Any CPU.Build.0 = Debug|Any CPU
		{BA97F4B4-5157-453A-902D-A58B7AE5BD33}.Release|Any CPU.ActiveCfg = Release|Any CPU
		{BA97F4B4-5157-453A-902D-A58B7AE5BD33}.Release|Any CPU.Build.0 = Release|Any CPU
	EndGlobalSection
	GlobalSection(SolutionProperties) = preSolution
		HideSolutionNode = FALSE
	EndGlobalSection
	GlobalSection(ExtensibilityGlobals) = postSolution
		SolutionGuid = {74B6ACD7-406B-4FB1-AFA4-15270DB866FC}
	EndGlobalSection
EndGlobal
