
Microsoft Visual Studio Solution File, Format Version 12.00
# Visual Studio Version 17
VisualStudioVersion = 17.5.002.0
MinimumVisualStudioVersion = 10.0.40219.1
Project("{9A19103F-16F7-4668-BE54-9A1E7A4F7556}") = "Northwind.Web", "Northwind.Web.csproj", "{CBCAC451-D73B-4F0A-91A1-F1C4CD7DD7B4}"
EndProject
Global
	GlobalSection(SolutionConfigurationPlatforms) = preSolution
		Debug|Any CPU = Debug|Any CPU
		Release|Any CPU = Release|Any CPU
	EndGlobalSection
	GlobalSection(ProjectConfigurationPlatforms) = postSolution
		{CBCAC451-D73B-4F0A-91A1-F1C4CD7DD7B4}.Debug|Any CPU.ActiveCfg = Debug|Any CPU
		{CBCAC451-D73B-4F0A-91A1-F1C4CD7DD7B4}.Debug|Any CPU.Build.0 = Debug|Any CPU
		{CBCAC451-D73B-4F0A-91A1-F1C4CD7DD7B4}.Release|Any CPU.ActiveCfg = Release|Any CPU
		{CBCAC451-D73B-4F0A-91A1-F1C4CD7DD7B4}.Release|Any CPU.Build.0 = Release|Any CPU
	EndGlobalSection
	GlobalSection(SolutionProperties) = preSolution
		HideSolutionNode = FALSE
	EndGlobalSection
	GlobalSection(ExtensibilityGlobals) = postSolution
		SolutionGuid = {6FBEFACF-7CAF-4477-9776-46E999DFE979}
	EndGlobalSection
EndGlobal
