
Microsoft Visual Studio Solution File, Format Version 12.00
# Visual Studio Version 17
VisualStudioVersion = 17.5.002.0
MinimumVisualStudioVersion = 10.0.40219.1
Project("{9A19103F-16F7-4668-BE54-9A1E7A4F7556}") = "HelloWorld", "HelloWorld.csproj", "{FF3F6F61-7CCF-49CD-946F-D9082D5F815D}"
EndProject
Project("{FAE04EC0-301F-11D3-BF4B-00C04F79EFBC}") = "Arguments", "..\Arguments\Arguments.csproj", "{B3BD6F1F-F040-43F5-9244-1FCD891F5EA3}"
EndProject
Project("{FAE04EC0-301F-11D3-BF4B-00C04F79EFBC}") = "Formatting", "..\Formatting\Formatting.csproj", "{EB0F135B-E750-472A-8A4F-BEFEE14DD522}"
EndProject
Project("{FAE04EC0-301F-11D3-BF4B-00C04F79EFBC}") = "Operators", "..\Operators\Operators.csproj", "{4792B34B-E88F-41D6-8022-F2213FA2B6FC}"
EndProject
Project("{FAE04EC0-301F-11D3-BF4B-00C04F79EFBC}") = "ConditionalStatements", "..\ConditionalStatements\ConditionalStatements.csproj", "{A3033903-090F-44BA-8BA4-B2C45A48CB04}"
EndProject
Project("{FAE04EC0-301F-11D3-BF4B-00C04F79EFBC}") = "CastingAndConverting", "..\CastingAndConverting\CastingAndConverting.csproj", "{1948D2CD-574A-4FA4-9298-C6393B94B233}"
EndProject
Project("{FAE04EC0-301F-11D3-BF4B-00C04F79EFBC}") = "Practica2", "..\..\Practicas\PrimerParcial\Practica2\Practica2.csproj", "{179796B1-3AB2-4776-8E3E-BBE7892AE595}"
EndProject
Project("{FAE04EC0-301F-11D3-BF4B-00C04F79EFBC}") = "Practica1", "..\..\Practicas\PrimerParcial\Practica1\Practica1.csproj", "{90FA293B-30D9-4269-AB80-D3A9AEE488ED}"
EndProject
Project("{FAE04EC0-301F-11D3-BF4B-00C04F79EFBC}") = "HandlingExceptions", "..\HandlingExceptions\HandlingExceptions.csproj", "{47FF21A2-86C3-460C-B3AD-5B5CEE8856B3}"
EndProject
Project("{FAE04EC0-301F-11D3-BF4B-00C04F79EFBC}") = "FizzBuzz", "..\FizzBuzz\FizzBuzz.csproj", "{DEB1EE60-65FA-4138-914C-9DD9677C9F3F}"
EndProject
Global
	GlobalSection(SolutionConfigurationPlatforms) = preSolution
		Debug|Any CPU = Debug|Any CPU
		Release|Any CPU = Release|Any CPU
	EndGlobalSection
	GlobalSection(ProjectConfigurationPlatforms) = postSolution
		{FF3F6F61-7CCF-49CD-946F-D9082D5F815D}.Debug|Any CPU.ActiveCfg = Debug|Any CPU
		{FF3F6F61-7CCF-49CD-946F-D9082D5F815D}.Debug|Any CPU.Build.0 = Debug|Any CPU
		{FF3F6F61-7CCF-49CD-946F-D9082D5F815D}.Release|Any CPU.ActiveCfg = Release|Any CPU
		{FF3F6F61-7CCF-49CD-946F-D9082D5F815D}.Release|Any CPU.Build.0 = Release|Any CPU
		{B3BD6F1F-F040-43F5-9244-1FCD891F5EA3}.Debug|Any CPU.ActiveCfg = Debug|Any CPU
		{B3BD6F1F-F040-43F5-9244-1FCD891F5EA3}.Debug|Any CPU.Build.0 = Debug|Any CPU
		{B3BD6F1F-F040-43F5-9244-1FCD891F5EA3}.Release|Any CPU.ActiveCfg = Release|Any CPU
		{B3BD6F1F-F040-43F5-9244-1FCD891F5EA3}.Release|Any CPU.Build.0 = Release|Any CPU
		{EB0F135B-E750-472A-8A4F-BEFEE14DD522}.Debug|Any CPU.ActiveCfg = Debug|Any CPU
		{EB0F135B-E750-472A-8A4F-BEFEE14DD522}.Debug|Any CPU.Build.0 = Debug|Any CPU
		{EB0F135B-E750-472A-8A4F-BEFEE14DD522}.Release|Any CPU.ActiveCfg = Release|Any CPU
		{EB0F135B-E750-472A-8A4F-BEFEE14DD522}.Release|Any CPU.Build.0 = Release|Any CPU
		{4792B34B-E88F-41D6-8022-F2213FA2B6FC}.Debug|Any CPU.ActiveCfg = Debug|Any CPU
		{4792B34B-E88F-41D6-8022-F2213FA2B6FC}.Debug|Any CPU.Build.0 = Debug|Any CPU
		{4792B34B-E88F-41D6-8022-F2213FA2B6FC}.Release|Any CPU.ActiveCfg = Release|Any CPU
		{4792B34B-E88F-41D6-8022-F2213FA2B6FC}.Release|Any CPU.Build.0 = Release|Any CPU
		{A3033903-090F-44BA-8BA4-B2C45A48CB04}.Debug|Any CPU.ActiveCfg = Debug|Any CPU
		{A3033903-090F-44BA-8BA4-B2C45A48CB04}.Debug|Any CPU.Build.0 = Debug|Any CPU
		{A3033903-090F-44BA-8BA4-B2C45A48CB04}.Release|Any CPU.ActiveCfg = Release|Any CPU
		{A3033903-090F-44BA-8BA4-B2C45A48CB04}.Release|Any CPU.Build.0 = Release|Any CPU
		{1948D2CD-574A-4FA4-9298-C6393B94B233}.Debug|Any CPU.ActiveCfg = Debug|Any CPU
		{1948D2CD-574A-4FA4-9298-C6393B94B233}.Debug|Any CPU.Build.0 = Debug|Any CPU
		{1948D2CD-574A-4FA4-9298-C6393B94B233}.Release|Any CPU.ActiveCfg = Release|Any CPU
		{1948D2CD-574A-4FA4-9298-C6393B94B233}.Release|Any CPU.Build.0 = Release|Any CPU
		{179796B1-3AB2-4776-8E3E-BBE7892AE595}.Debug|Any CPU.ActiveCfg = Debug|Any CPU
		{179796B1-3AB2-4776-8E3E-BBE7892AE595}.Debug|Any CPU.Build.0 = Debug|Any CPU
		{179796B1-3AB2-4776-8E3E-BBE7892AE595}.Release|Any CPU.ActiveCfg = Release|Any CPU
		{179796B1-3AB2-4776-8E3E-BBE7892AE595}.Release|Any CPU.Build.0 = Release|Any CPU
		{90FA293B-30D9-4269-AB80-D3A9AEE488ED}.Debug|Any CPU.ActiveCfg = Debug|Any CPU
		{90FA293B-30D9-4269-AB80-D3A9AEE488ED}.Debug|Any CPU.Build.0 = Debug|Any CPU
		{90FA293B-30D9-4269-AB80-D3A9AEE488ED}.Release|Any CPU.ActiveCfg = Release|Any CPU
		{90FA293B-30D9-4269-AB80-D3A9AEE488ED}.Release|Any CPU.Build.0 = Release|Any CPU
		{47FF21A2-86C3-460C-B3AD-5B5CEE8856B3}.Debug|Any CPU.ActiveCfg = Debug|Any CPU
		{47FF21A2-86C3-460C-B3AD-5B5CEE8856B3}.Debug|Any CPU.Build.0 = Debug|Any CPU
		{47FF21A2-86C3-460C-B3AD-5B5CEE8856B3}.Release|Any CPU.ActiveCfg = Release|Any CPU
		{47FF21A2-86C3-460C-B3AD-5B5CEE8856B3}.Release|Any CPU.Build.0 = Release|Any CPU
		{DEB1EE60-65FA-4138-914C-9DD9677C9F3F}.Debug|Any CPU.ActiveCfg = Debug|Any CPU
		{DEB1EE60-65FA-4138-914C-9DD9677C9F3F}.Debug|Any CPU.Build.0 = Debug|Any CPU
		{DEB1EE60-65FA-4138-914C-9DD9677C9F3F}.Release|Any CPU.ActiveCfg = Release|Any CPU
		{DEB1EE60-65FA-4138-914C-9DD9677C9F3F}.Release|Any CPU.Build.0 = Release|Any CPU
	EndGlobalSection
	GlobalSection(SolutionProperties) = preSolution
		HideSolutionNode = FALSE
	EndGlobalSection
	GlobalSection(ExtensibilityGlobals) = postSolution
		SolutionGuid = {4CC2A898-68B5-4924-9FBB-0387F0206D5E}
	EndGlobalSection
EndGlobal
